
Microsoft Visual Studio Solution File, Format Version 12.00
# Visual Studio 15
VisualStudioVersion = 15.0.28307.168
MinimumVisualStudioVersion = 10.0.40219.1
Project("{FAE04EC0-301F-11D3-BF4B-00C04F79EFBC}") = "SmartOak Project.Android", "SmartOak Project\SmartOak Project.Android\SmartOak Project.Android.csproj", "{8E6A3EFC-FE26-4A7D-B106-726CA450DAF5}"
EndProject
Project("{FAE04EC0-301F-11D3-BF4B-00C04F79EFBC}") = "SmartOak Project.iOS", "SmartOak Project\SmartOak Project.iOS\SmartOak Project.iOS.csproj", "{EB31DCDF-00CF-471F-86E8-8421BFCECD73}"
EndProject
Project("{FAE04EC0-301F-11D3-BF4B-00C04F79EFBC}") = "SmartOak Project.UWP", "SmartOak Project\SmartOak Project.UWP\SmartOak Project.UWP.csproj", "{AF9526A4-7579-46F4-B68E-69B36CDE8D6A}"
EndProject
Project("{FAE04EC0-301F-11D3-BF4B-00C04F79EFBC}") = "SmartOak Project", "SmartOak Project\SmartOak Project\SmartOak Project.csproj", "{B6B05151-454A-4508-8E6D-97B6049D33EB}"
EndProject
Global
	GlobalSection(SolutionConfigurationPlatforms) = preSolution
		Ad-Hoc|Any CPU = Ad-Hoc|Any CPU
		Ad-Hoc|ARM = Ad-Hoc|ARM
		Ad-Hoc|iPhone = Ad-Hoc|iPhone
		Ad-Hoc|iPhoneSimulator = Ad-Hoc|iPhoneSimulator
		Ad-Hoc|x64 = Ad-Hoc|x64
		Ad-Hoc|x86 = Ad-Hoc|x86
		AppStore|Any CPU = AppStore|Any CPU
		AppStore|ARM = AppStore|ARM
		AppStore|iPhone = AppStore|iPhone
		AppStore|iPhoneSimulator = AppStore|iPhoneSimulator
		AppStore|x64 = AppStore|x64
		AppStore|x86 = AppStore|x86
		Debug|Any CPU = Debug|Any CPU
		Debug|ARM = Debug|ARM
		Debug|iPhone = Debug|iPhone
		Debug|iPhoneSimulator = Debug|iPhoneSimulator
		Debug|x64 = Debug|x64
		Debug|x86 = Debug|x86
		Release|Any CPU = Release|Any CPU
		Release|ARM = Release|ARM
		Release|iPhone = Release|iPhone
		Release|iPhoneSimulator = Release|iPhoneSimulator
		Release|x64 = Release|x64
		Release|x86 = Release|x86
	EndGlobalSection
	GlobalSection(ProjectConfigurationPlatforms) = postSolution
		{8E6A3EFC-FE26-4A7D-B106-726CA450DAF5}.Ad-Hoc|Any CPU.ActiveCfg = Release|Any CPU
		{8E6A3EFC-FE26-4A7D-B106-726CA450DAF5}.Ad-Hoc|Any CPU.Build.0 = Release|Any CPU
		{8E6A3EFC-FE26-4A7D-B106-726CA450DAF5}.Ad-Hoc|Any CPU.Deploy.0 = Release|Any CPU
		{8E6A3EFC-FE26-4A7D-B106-726CA450DAF5}.Ad-Hoc|ARM.ActiveCfg = Release|Any CPU
		{8E6A3EFC-FE26-4A7D-B106-726CA450DAF5}.Ad-Hoc|ARM.Build.0 = Release|Any CPU
		{8E6A3EFC-FE26-4A7D-B106-726CA450DAF5}.Ad-Hoc|ARM.Deploy.0 = Release|Any CPU
		{8E6A3EFC-FE26-4A7D-B106-726CA450DAF5}.Ad-Hoc|iPhone.ActiveCfg = Release|Any CPU
		{8E6A3EFC-FE26-4A7D-B106-726CA450DAF5}.Ad-Hoc|iPhone.Build.0 = Release|Any CPU
		{8E6A3EFC-FE26-4A7D-B106-726CA450DAF5}.Ad-Hoc|iPhone.Deploy.0 = Release|Any CPU
		{8E6A3EFC-FE26-4A7D-B106-726CA450DAF5}.Ad-Hoc|iPhoneSimulator.ActiveCfg = Release|Any CPU
		{8E6A3EFC-FE26-4A7D-B106-726CA450DAF5}.Ad-Hoc|iPhoneSimulator.Build.0 = Release|Any CPU
		{8E6A3EFC-FE26-4A7D-B106-726CA450DAF5}.Ad-Hoc|iPhoneSimulator.Deploy.0 = Release|Any CPU
		{8E6A3EFC-FE26-4A7D-B106-726CA450DAF5}.Ad-Hoc|x64.ActiveCfg = Release|Any CPU
		{8E6A3EFC-FE26-4A7D-B106-726CA450DAF5}.Ad-Hoc|x64.Build.0 = Release|Any CPU
		{8E6A3EFC-FE26-4A7D-B106-726CA450DAF5}.Ad-Hoc|x64.Deploy.0 = Release|Any CPU
		{8E6A3EFC-FE26-4A7D-B106-726CA450DAF5}.Ad-Hoc|x86.ActiveCfg = Release|Any CPU
		{8E6A3EFC-FE26-4A7D-B106-726CA450DAF5}.Ad-Hoc|x86.Build.0 = Release|Any CPU
		{8E6A3EFC-FE26-4A7D-B106-726CA450DAF5}.Ad-Hoc|x86.Deploy.0 = Release|Any CPU
		{8E6A3EFC-FE26-4A7D-B106-726CA450DAF5}.AppStore|Any CPU.ActiveCfg = Release|Any CPU
		{8E6A3EFC-FE26-4A7D-B106-726CA450DAF5}.AppStore|Any CPU.Build.0 = Release|Any CPU
		{8E6A3EFC-FE26-4A7D-B106-726CA450DAF5}.AppStore|Any CPU.Deploy.0 = Release|Any CPU
		{8E6A3EFC-FE26-4A7D-B106-726CA450DAF5}.AppStore|ARM.ActiveCfg = Release|Any CPU
		{8E6A3EFC-FE26-4A7D-B106-726CA450DAF5}.AppStore|ARM.Build.0 = Release|Any CPU
		{8E6A3EFC-FE26-4A7D-B106-726CA450DAF5}.AppStore|ARM.Deploy.0 = Release|Any CPU
		{8E6A3EFC-FE26-4A7D-B106-726CA450DAF5}.AppStore|iPhone.ActiveCfg = Release|Any CPU
		{8E6A3EFC-FE26-4A7D-B106-726CA450DAF5}.AppStore|iPhone.Build.0 = Release|Any CPU
		{8E6A3EFC-FE26-4A7D-B106-726CA450DAF5}.AppStore|iPhone.Deploy.0 = Release|Any CPU
		{8E6A3EFC-FE26-4A7D-B106-726CA450DAF5}.AppStore|iPhoneSimulator.ActiveCfg = Release|Any CPU
		{8E6A3EFC-FE26-4A7D-B106-726CA450DAF5}.AppStore|iPhoneSimulator.Build.0 = Release|Any CPU
		{8E6A3EFC-FE26-4A7D-B106-726CA450DAF5}.AppStore|iPhoneSimulator.Deploy.0 = Release|Any CPU
		{8E6A3EFC-FE26-4A7D-B106-726CA450DAF5}.AppStore|x64.ActiveCfg = Release|Any CPU
		{8E6A3EFC-FE26-4A7D-B106-726CA450DAF5}.AppStore|x64.Build.0 = Release|Any CPU
		{8E6A3EFC-FE26-4A7D-B106-726CA450DAF5}.AppStore|x64.Deploy.0 = Release|Any CPU
		{8E6A3EFC-FE26-4A7D-B106-726CA450DAF5}.AppStore|x86.ActiveCfg = Release|Any CPU
		{8E6A3EFC-FE26-4A7D-B106-726CA450DAF5}.AppStore|x86.Build.0 = Release|Any CPU
		{8E6A3EFC-FE26-4A7D-B106-726CA450DAF5}.AppStore|x86.Deploy.0 = Release|Any CPU
		{8E6A3EFC-FE26-4A7D-B106-726CA450DAF5}.Debug|Any CPU.ActiveCfg = Debug|Any CPU
		{8E6A3EFC-FE26-4A7D-B106-726CA450DAF5}.Debug|Any CPU.Build.0 = Debug|Any CPU
		{8E6A3EFC-FE26-4A7D-B106-726CA450DAF5}.Debug|Any CPU.Deploy.0 = Debug|Any CPU
		{8E6A3EFC-FE26-4A7D-B106-726CA450DAF5}.Debug|ARM.ActiveCfg = Debug|Any CPU
		{8E6A3EFC-FE26-4A7D-B106-726CA450DAF5}.Debug|ARM.Build.0 = Debug|Any CPU
		{8E6A3EFC-FE26-4A7D-B106-726CA450DAF5}.Debug|ARM.Deploy.0 = Debug|Any CPU
		{8E6A3EFC-FE26-4A7D-B106-726CA450DAF5}.Debug|iPhone.ActiveCfg = Debug|Any CPU
		{8E6A3EFC-FE26-4A7D-B106-726CA450DAF5}.Debug|iPhone.Build.0 = Debug|Any CPU
		{8E6A3EFC-FE26-4A7D-B106-726CA450DAF5}.Debug|iPhone.Deploy.0 = Debug|Any CPU
		{8E6A3EFC-FE26-4A7D-B106-726CA450DAF5}.Debug|iPhoneSimulator.ActiveCfg = Debug|Any CPU
		{8E6A3EFC-FE26-4A7D-B106-726CA450DAF5}.Debug|iPhoneSimulator.Build.0 = Debug|Any CPU
		{8E6A3EFC-FE26-4A7D-B106-726CA450DAF5}.Debug|iPhoneSimulator.Deploy.0 = Debug|Any CPU
		{8E6A3EFC-FE26-4A7D-B106-726CA450DAF5}.Debug|x64.ActiveCfg = Debug|Any CPU
		{8E6A3EFC-FE26-4A7D-B106-726CA450DAF5}.Debug|x64.Build.0 = Debug|Any CPU
		{8E6A3EFC-FE26-4A7D-B106-726CA450DAF5}.Debug|x64.Deploy.0 = Debug|Any CPU
		{8E6A3EFC-FE26-4A7D-B106-726CA450DAF5}.Debug|x86.ActiveCfg = Debug|Any CPU
		{8E6A3EFC-FE26-4A7D-B106-726CA450DAF5}.Debug|x86.Build.0 = Debug|Any CPU
		{8E6A3EFC-FE26-4A7D-B106-726CA450DAF5}.Debug|x86.Deploy.0 = Debug|Any CPU
		{8E6A3EFC-FE26-4A7D-B106-726CA450DAF5}.Release|Any CPU.ActiveCfg = Release|Any CPU
		{8E6A3EFC-FE26-4A7D-B106-726CA450DAF5}.Release|Any CPU.Build.0 = Release|Any CPU
		{8E6A3EFC-FE26-4A7D-B106-726CA450DAF5}.Release|Any CPU.Deploy.0 = Release|Any CPU
		{8E6A3EFC-FE26-4A7D-B106-726CA450DAF5}.Release|ARM.ActiveCfg = Release|Any CPU
		{8E6A3EFC-FE26-4A7D-B106-726CA450DAF5}.Release|ARM.Build.0 = Release|Any CPU
		{8E6A3EFC-FE26-4A7D-B106-726CA450DAF5}.Release|ARM.Deploy.0 = Release|Any CPU
		{8E6A3EFC-FE26-4A7D-B106-726CA450DAF5}.Release|iPhone.ActiveCfg = Release|Any CPU
		{8E6A3EFC-FE26-4A7D-B106-726CA450DAF5}.Release|iPhone.Build.0 = Release|Any CPU
		{8E6A3EFC-FE26-4A7D-B106-726CA450DAF5}.Release|iPhone.Deploy.0 = Release|Any CPU
		{8E6A3EFC-FE26-4A7D-B106-726CA450DAF5}.Release|iPhoneSimulator.ActiveCfg = Release|Any CPU
		{8E6A3EFC-FE26-4A7D-B106-726CA450DAF5}.Release|iPhoneSimulator.Build.0 = Release|Any CPU
		{8E6A3EFC-FE26-4A7D-B106-726CA450DAF5}.Release|iPhoneSimulator.Deploy.0 = Release|Any CPU
		{8E6A3EFC-FE26-4A7D-B106-726CA450DAF5}.Release|x64.ActiveCfg = Release|Any CPU
		{8E6A3EFC-FE26-4A7D-B106-726CA450DAF5}.Release|x64.Build.0 = Release|Any CPU
		{8E6A3EFC-FE26-4A7D-B106-726CA450DAF5}.Release|x64.Deploy.0 = Release|Any CPU
		{8E6A3EFC-FE26-4A7D-B106-726CA450DAF5}.Release|x86.ActiveCfg = Release|Any CPU
		{8E6A3EFC-FE26-4A7D-B106-726CA450DAF5}.Release|x86.Build.0 = Release|Any CPU
		{8E6A3EFC-FE26-4A7D-B106-726CA450DAF5}.Release|x86.Deploy.0 = Release|Any CPU
		{EB31DCDF-00CF-471F-86E8-8421BFCECD73}.Ad-Hoc|Any CPU.ActiveCfg = Ad-Hoc|iPhone
		{EB31DCDF-00CF-471F-86E8-8421BFCECD73}.Ad-Hoc|Any CPU.Build.0 = Ad-Hoc|iPhone
		{EB31DCDF-00CF-471F-86E8-8421BFCECD73}.Ad-Hoc|Any CPU.Deploy.0 = Ad-Hoc|iPhone
		{EB31DCDF-00CF-471F-86E8-8421BFCECD73}.Ad-Hoc|ARM.ActiveCfg = Ad-Hoc|iPhone
		{EB31DCDF-00CF-471F-86E8-8421BFCECD73}.Ad-Hoc|ARM.Build.0 = Ad-Hoc|iPhone
		{EB31DCDF-00CF-471F-86E8-8421BFCECD73}.Ad-Hoc|ARM.Deploy.0 = Ad-Hoc|iPhone
		{EB31DCDF-00CF-471F-86E8-8421BFCECD73}.Ad-Hoc|iPhone.ActiveCfg = Ad-Hoc|iPhone
		{EB31DCDF-00CF-471F-86E8-8421BFCECD73}.Ad-Hoc|iPhone.Build.0 = Ad-Hoc|iPhone
		{EB31DCDF-00CF-471F-86E8-8421BFCECD73}.Ad-Hoc|iPhone.Deploy.0 = Ad-Hoc|iPhone
		{EB31DCDF-00CF-471F-86E8-8421BFCECD73}.Ad-Hoc|iPhoneSimulator.ActiveCfg = Ad-Hoc|iPhoneSimulator
		{EB31DCDF-00CF-471F-86E8-8421BFCECD73}.Ad-Hoc|iPhoneSimulator.Build.0 = Ad-Hoc|iPhoneSimulator
		{EB31DCDF-00CF-471F-86E8-8421BFCECD73}.Ad-Hoc|iPhoneSimulator.Deploy.0 = Ad-Hoc|iPhoneSimulator
		{EB31DCDF-00CF-471F-86E8-8421BFCECD73}.Ad-Hoc|x64.ActiveCfg = Ad-Hoc|iPhone
		{EB31DCDF-00CF-471F-86E8-8421BFCECD73}.Ad-Hoc|x64.Build.0 = Ad-Hoc|iPhone
		{EB31DCDF-00CF-471F-86E8-8421BFCECD73}.Ad-Hoc|x64.Deploy.0 = Ad-Hoc|iPhone
		{EB31DCDF-00CF-471F-86E8-8421BFCECD73}.Ad-Hoc|x86.ActiveCfg = Ad-Hoc|iPhone
		{EB31DCDF-00CF-471F-86E8-8421BFCECD73}.Ad-Hoc|x86.Build.0 = Ad-Hoc|iPhone
		{EB31DCDF-00CF-471F-86E8-8421BFCECD73}.Ad-Hoc|x86.Deploy.0 = Ad-Hoc|iPhone
		{EB31DCDF-00CF-471F-86E8-8421BFCECD73}.AppStore|Any CPU.ActiveCfg = AppStore|iPhone
		{EB31DCDF-00CF-471F-86E8-8421BFCECD73}.AppStore|Any CPU.Build.0 = AppStore|iPhone
		{EB31DCDF-00CF-471F-86E8-8421BFCECD73}.AppStore|Any CPU.Deploy.0 = AppStore|iPhone
		{EB31DCDF-00CF-471F-86E8-8421BFCECD73}.AppStore|ARM.ActiveCfg = AppStore|iPhone
		{EB31DCDF-00CF-471F-86E8-8421BFCECD73}.AppStore|ARM.Build.0 = AppStore|iPhone
		{EB31DCDF-00CF-471F-86E8-8421BFCECD73}.AppStore|ARM.Deploy.0 = AppStore|iPhone
		{EB31DCDF-00CF-471F-86E8-8421BFCECD73}.AppStore|iPhone.ActiveCfg = AppStore|iPhone
		{EB31DCDF-00CF-471F-86E8-8421BFCECD73}.AppStore|iPhone.Build.0 = AppStore|iPhone
		{EB31DCDF-00CF-471F-86E8-8421BFCECD73}.AppStore|iPhone.Deploy.0 = AppStore|iPhone
		{EB31DCDF-00CF-471F-86E8-8421BFCECD73}.AppStore|iPhoneSimulator.ActiveCfg = AppStore|iPhoneSimulator
		{EB31DCDF-00CF-471F-86E8-8421BFCECD73}.AppStore|iPhoneSimulator.Build.0 = AppStore|iPhoneSimulator
		{EB31DCDF-00CF-471F-86E8-8421BFCECD73}.AppStore|iPhoneSimulator.Deploy.0 = AppStore|iPhoneSimulator
		{EB31DCDF-00CF-471F-86E8-8421BFCECD73}.AppStore|x64.ActiveCfg = AppStore|iPhone
		{EB31DCDF-00CF-471F-86E8-8421BFCECD73}.AppStore|x64.Build.0 = AppStore|iPhone
		{EB31DCDF-00CF-471F-86E8-8421BFCECD73}.AppStore|x64.Deploy.0 = AppStore|iPhone
		{EB31DCDF-00CF-471F-86E8-8421BFCECD73}.AppStore|x86.ActiveCfg = AppStore|iPhone
		{EB31DCDF-00CF-471F-86E8-8421BFCECD73}.AppStore|x86.Build.0 = AppStore|iPhone
		{EB31DCDF-00CF-471F-86E8-8421BFCECD73}.AppStore|x86.Deploy.0 = AppStore|iPhone
		{EB31DCDF-00CF-471F-86E8-8421BFCECD73}.Debug|Any CPU.ActiveCfg = Debug|iPhoneSimulator
		{EB31DCDF-00CF-471F-86E8-8421BFCECD73}.Debug|Any CPU.Build.0 = Debug|iPhoneSimulator
		{EB31DCDF-00CF-471F-86E8-8421BFCECD73}.Debug|Any CPU.Deploy.0 = Debug|iPhoneSimulator
		{EB31DCDF-00CF-471F-86E8-8421BFCECD73}.Debug|ARM.ActiveCfg = Debug|iPhone
		{EB31DCDF-00CF-471F-86E8-8421BFCECD73}.Debug|ARM.Build.0 = Debug|iPhone
		{EB31DCDF-00CF-471F-86E8-8421BFCECD73}.Debug|ARM.Deploy.0 = Debug|iPhone
		{EB31DCDF-00CF-471F-86E8-8421BFCECD73}.Debug|iPhone.ActiveCfg = Debug|iPhone
		{EB31DCDF-00CF-471F-86E8-8421BFCECD73}.Debug|iPhone.Build.0 = Debug|iPhone
		{EB31DCDF-00CF-471F-86E8-8421BFCECD73}.Debug|iPhone.Deploy.0 = Debug|iPhone
		{EB31DCDF-00CF-471F-86E8-8421BFCECD73}.Debug|iPhoneSimulator.ActiveCfg = Debug|iPhoneSimulator
		{EB31DCDF-00CF-471F-86E8-8421BFCECD73}.Debug|iPhoneSimulator.Build.0 = Debug|iPhoneSimulator
		{EB31DCDF-00CF-471F-86E8-8421BFCECD73}.Debug|iPhoneSimulator.Deploy.0 = Debug|iPhoneSimulator
		{EB31DCDF-00CF-471F-86E8-8421BFCECD73}.Debug|x64.ActiveCfg = Debug|iPhone
		{EB31DCDF-00CF-471F-86E8-8421BFCECD73}.Debug|x64.Build.0 = Debug|iPhone
		{EB31DCDF-00CF-471F-86E8-8421BFCECD73}.Debug|x64.Deploy.0 = Debug|iPhone
		{EB31DCDF-00CF-471F-86E8-8421BFCECD73}.Debug|x86.ActiveCfg = Debug|iPhone
		{EB31DCDF-00CF-471F-86E8-8421BFCECD73}.Debug|x86.Build.0 = Debug|iPhone
		{EB31DCDF-00CF-471F-86E8-8421BFCECD73}.Debug|x86.Deploy.0 = Debug|iPhone
		{EB31DCDF-00CF-471F-86E8-8421BFCECD73}.Release|Any CPU.ActiveCfg = Release|iPhone
		{EB31DCDF-00CF-471F-86E8-8421BFCECD73}.Release|Any CPU.Build.0 = Release|iPhone
		{EB31DCDF-00CF-471F-86E8-8421BFCECD73}.Release|Any CPU.Deploy.0 = Release|iPhone
		{EB31DCDF-00CF-471F-86E8-8421BFCECD73}.Release|ARM.ActiveCfg = Release|iPhone
		{EB31DCDF-00CF-471F-86E8-8421BFCECD73}.Release|ARM.Build.0 = Release|iPhone
		{EB31DCDF-00CF-471F-86E8-8421BFCECD73}.Release|ARM.Deploy.0 = Release|iPhone
		{EB31DCDF-00CF-471F-86E8-8421BFCECD73}.Release|iPhone.ActiveCfg = Release|iPhone
		{EB31DCDF-00CF-471F-86E8-8421BFCECD73}.Release|iPhone.Build.0 = Release|iPhone
		{EB31DCDF-00CF-471F-86E8-8421BFCECD73}.Release|iPhone.Deploy.0 = Release|iPhone
		{EB31DCDF-00CF-471F-86E8-8421BFCECD73}.Release|iPhoneSimulator.ActiveCfg = Release|iPhoneSimulator
		{EB31DCDF-00CF-471F-86E8-8421BFCECD73}.Release|iPhoneSimulator.Build.0 = Release|iPhoneSimulator
		{EB31DCDF-00CF-471F-86E8-8421BFCECD73}.Release|iPhoneSimulator.Deploy.0 = Release|iPhoneSimulator
		{EB31DCDF-00CF-471F-86E8-8421BFCECD73}.Release|x64.ActiveCfg = Release|iPhone
		{EB31DCDF-00CF-471F-86E8-8421BFCECD73}.Release|x64.Build.0 = Release|iPhone
		{EB31DCDF-00CF-471F-86E8-8421BFCECD73}.Release|x64.Deploy.0 = Release|iPhone
		{EB31DCDF-00CF-471F-86E8-8421BFCECD73}.Release|x86.ActiveCfg = Release|iPhone
		{EB31DCDF-00CF-471F-86E8-8421BFCECD73}.Release|x86.Build.0 = Release|iPhone
		{EB31DCDF-00CF-471F-86E8-8421BFCECD73}.Release|x86.Deploy.0 = Release|iPhone
		{AF9526A4-7579-46F4-B68E-69B36CDE8D6A}.Ad-Hoc|Any CPU.ActiveCfg = Release|x86
		{AF9526A4-7579-46F4-B68E-69B36CDE8D6A}.Ad-Hoc|Any CPU.Build.0 = Release|x86
		{AF9526A4-7579-46F4-B68E-69B36CDE8D6A}.Ad-Hoc|Any CPU.Deploy.0 = Release|x86
		{AF9526A4-7579-46F4-B68E-69B36CDE8D6A}.Ad-Hoc|ARM.ActiveCfg = Release|ARM
		{AF9526A4-7579-46F4-B68E-69B36CDE8D6A}.Ad-Hoc|ARM.Build.0 = Release|ARM
		{AF9526A4-7579-46F4-B68E-69B36CDE8D6A}.Ad-Hoc|ARM.Deploy.0 = Release|ARM
		{AF9526A4-7579-46F4-B68E-69B36CDE8D6A}.Ad-Hoc|iPhone.ActiveCfg = Release|x86
		{AF9526A4-7579-46F4-B68E-69B36CDE8D6A}.Ad-Hoc|iPhone.Build.0 = Release|x86
		{AF9526A4-7579-46F4-B68E-69B36CDE8D6A}.Ad-Hoc|iPhone.Deploy.0 = Release|x86
		{AF9526A4-7579-46F4-B68E-69B36CDE8D6A}.Ad-Hoc|iPhoneSimulator.ActiveCfg = Release|x86
		{AF9526A4-7579-46F4-B68E-69B36CDE8D6A}.Ad-Hoc|iPhoneSimulator.Build.0 = Release|x86
		{AF9526A4-7579-46F4-B68E-69B36CDE8D6A}.Ad-Hoc|iPhoneSimulator.Deploy.0 = Release|x86
		{AF9526A4-7579-46F4-B68E-69B36CDE8D6A}.Ad-Hoc|x64.ActiveCfg = Release|x64
		{AF9526A4-7579-46F4-B68E-69B36CDE8D6A}.Ad-Hoc|x64.Build.0 = Release|x64
		{AF9526A4-7579-46F4-B68E-69B36CDE8D6A}.Ad-Hoc|x64.Deploy.0 = Release|x64
		{AF9526A4-7579-46F4-B68E-69B36CDE8D6A}.Ad-Hoc|x86.ActiveCfg = Release|x86
		{AF9526A4-7579-46F4-B68E-69B36CDE8D6A}.Ad-Hoc|x86.Build.0 = Release|x86
		{AF9526A4-7579-46F4-B68E-69B36CDE8D6A}.Ad-Hoc|x86.Deploy.0 = Release|x86
		{AF9526A4-7579-46F4-B68E-69B36CDE8D6A}.AppStore|Any CPU.ActiveCfg = Release|x86
		{AF9526A4-7579-46F4-B68E-69B36CDE8D6A}.AppStore|Any CPU.Build.0 = Release|x86
		{AF9526A4-7579-46F4-B68E-69B36CDE8D6A}.AppStore|Any CPU.Deploy.0 = Release|x86
		{AF9526A4-7579-46F4-B68E-69B36CDE8D6A}.AppStore|ARM.ActiveCfg = Release|ARM
		{AF9526A4-7579-46F4-B68E-69B36CDE8D6A}.AppStore|ARM.Build.0 = Release|ARM
		{AF9526A4-7579-46F4-B68E-69B36CDE8D6A}.AppStore|ARM.Deploy.0 = Release|ARM
		{AF9526A4-7579-46F4-B68E-69B36CDE8D6A}.AppStore|iPhone.ActiveCfg = Release|x86
		{AF9526A4-7579-46F4-B68E-69B36CDE8D6A}.AppStore|iPhone.Build.0 = Release|x86
		{AF9526A4-7579-46F4-B68E-69B36CDE8D6A}.AppStore|iPhone.Deploy.0 = Release|x86
		{AF9526A4-7579-46F4-B68E-69B36CDE8D6A}.AppStore|iPhoneSimulator.ActiveCfg = Release|x86
		{AF9526A4-7579-46F4-B68E-69B36CDE8D6A}.AppStore|iPhoneSimulator.Build.0 = Release|x86
		{AF9526A4-7579-46F4-B68E-69B36CDE8D6A}.AppStore|iPhoneSimulator.Deploy.0 = Release|x86
		{AF9526A4-7579-46F4-B68E-69B36CDE8D6A}.AppStore|x64.ActiveCfg = Release|x64
		{AF9526A4-7579-46F4-B68E-69B36CDE8D6A}.AppStore|x64.Build.0 = Release|x64
		{AF9526A4-7579-46F4-B68E-69B36CDE8D6A}.AppStore|x64.Deploy.0 = Release|x64
		{AF9526A4-7579-46F4-B68E-69B36CDE8D6A}.AppStore|x86.ActiveCfg = Release|x86
		{AF9526A4-7579-46F4-B68E-69B36CDE8D6A}.AppStore|x86.Build.0 = Release|x86
		{AF9526A4-7579-46F4-B68E-69B36CDE8D6A}.AppStore|x86.Deploy.0 = Release|x86
		{AF9526A4-7579-46F4-B68E-69B36CDE8D6A}.Debug|Any CPU.ActiveCfg = Debug|x86
		{AF9526A4-7579-46F4-B68E-69B36CDE8D6A}.Debug|Any CPU.Build.0 = Debug|x86
		{AF9526A4-7579-46F4-B68E-69B36CDE8D6A}.Debug|Any CPU.Deploy.0 = Debug|x86
		{AF9526A4-7579-46F4-B68E-69B36CDE8D6A}.Debug|ARM.ActiveCfg = Debug|ARM
		{AF9526A4-7579-46F4-B68E-69B36CDE8D6A}.Debug|ARM.Build.0 = Debug|ARM
		{AF9526A4-7579-46F4-B68E-69B36CDE8D6A}.Debug|ARM.Deploy.0 = Debug|ARM
		{AF9526A4-7579-46F4-B68E-69B36CDE8D6A}.Debug|iPhone.ActiveCfg = Debug|x86
		{AF9526A4-7579-46F4-B68E-69B36CDE8D6A}.Debug|iPhone.Build.0 = Debug|x86
		{AF9526A4-7579-46F4-B68E-69B36CDE8D6A}.Debug|iPhone.Deploy.0 = Debug|x86
		{AF9526A4-7579-46F4-B68E-69B36CDE8D6A}.Debug|iPhoneSimulator.ActiveCfg = Debug|x86
		{AF9526A4-7579-46F4-B68E-69B36CDE8D6A}.Debug|iPhoneSimulator.Build.0 = Debug|x86
		{AF9526A4-7579-46F4-B68E-69B36CDE8D6A}.Debug|iPhoneSimulator.Deploy.0 = Debug|x86
		{AF9526A4-7579-46F4-B68E-69B36CDE8D6A}.Debug|x64.ActiveCfg = Debug|x64
		{AF9526A4-7579-46F4-B68E-69B36CDE8D6A}.Debug|x64.Build.0 = Debug|x64
		{AF9526A4-7579-46F4-B68E-69B36CDE8D6A}.Debug|x64.Deploy.0 = Debug|x64
		{AF9526A4-7579-46F4-B68E-69B36CDE8D6A}.Debug|x86.ActiveCfg = Debug|x86
		{AF9526A4-7579-46F4-B68E-69B36CDE8D6A}.Debug|x86.Build.0 = Debug|x86
		{AF9526A4-7579-46F4-B68E-69B36CDE8D6A}.Debug|x86.Deploy.0 = Debug|x86
		{AF9526A4-7579-46F4-B68E-69B36CDE8D6A}.Release|Any CPU.ActiveCfg = Release|x86
		{AF9526A4-7579-46F4-B68E-69B36CDE8D6A}.Release|Any CPU.Build.0 = Release|x86
		{AF9526A4-7579-46F4-B68E-69B36CDE8D6A}.Release|Any CPU.Deploy.0 = Release|x86
		{AF9526A4-7579-46F4-B68E-69B36CDE8D6A}.Release|ARM.ActiveCfg = Release|ARM
		{AF9526A4-7579-46F4-B68E-69B36CDE8D6A}.Release|ARM.Build.0 = Release|ARM
		{AF9526A4-7579-46F4-B68E-69B36CDE8D6A}.Release|ARM.Deploy.0 = Release|ARM
		{AF9526A4-7579-46F4-B68E-69B36CDE8D6A}.Release|iPhone.ActiveCfg = Release|x86
		{AF9526A4-7579-46F4-B68E-69B36CDE8D6A}.Release|iPhone.Build.0 = Release|x86
		{AF9526A4-7579-46F4-B68E-69B36CDE8D6A}.Release|iPhone.Deploy.0 = Release|x86
		{AF9526A4-7579-46F4-B68E-69B36CDE8D6A}.Release|iPhoneSimulator.ActiveCfg = Release|x86
		{AF9526A4-7579-46F4-B68E-69B36CDE8D6A}.Release|iPhoneSimulator.Build.0 = Release|x86
		{AF9526A4-7579-46F4-B68E-69B36CDE8D6A}.Release|iPhoneSimulator.Deploy.0 = Release|x86
		{AF9526A4-7579-46F4-B68E-69B36CDE8D6A}.Release|x64.ActiveCfg = Release|x64
		{AF9526A4-7579-46F4-B68E-69B36CDE8D6A}.Release|x64.Build.0 = Release|x64
		{AF9526A4-7579-46F4-B68E-69B36CDE8D6A}.Release|x64.Deploy.0 = Release|x64
		{AF9526A4-7579-46F4-B68E-69B36CDE8D6A}.Release|x86.ActiveCfg = Release|x86
		{AF9526A4-7579-46F4-B68E-69B36CDE8D6A}.Release|x86.Build.0 = Release|x86
		{AF9526A4-7579-46F4-B68E-69B36CDE8D6A}.Release|x86.Deploy.0 = Release|x86
		{B6B05151-454A-4508-8E6D-97B6049D33EB}.Ad-Hoc|Any CPU.ActiveCfg = Debug|Any CPU
		{B6B05151-454A-4508-8E6D-97B6049D33EB}.Ad-Hoc|Any CPU.Build.0 = Debug|Any CPU
		{B6B05151-454A-4508-8E6D-97B6049D33EB}.Ad-Hoc|Any CPU.Deploy.0 = Debug|Any CPU
		{B6B05151-454A-4508-8E6D-97B6049D33EB}.Ad-Hoc|ARM.ActiveCfg = Debug|Any CPU
		{B6B05151-454A-4508-8E6D-97B6049D33EB}.Ad-Hoc|ARM.Build.0 = Debug|Any CPU
		{B6B05151-454A-4508-8E6D-97B6049D33EB}.Ad-Hoc|ARM.Deploy.0 = Debug|Any CPU
		{B6B05151-454A-4508-8E6D-97B6049D33EB}.Ad-Hoc|iPhone.ActiveCfg = Debug|Any CPU
		{B6B05151-454A-4508-8E6D-97B6049D33EB}.Ad-Hoc|iPhone.Build.0 = Debug|Any CPU
		{B6B05151-454A-4508-8E6D-97B6049D33EB}.Ad-Hoc|iPhone.Deploy.0 = Debug|Any CPU
		{B6B05151-454A-4508-8E6D-97B6049D33EB}.Ad-Hoc|iPhoneSimulator.ActiveCfg = Debug|Any CPU
		{B6B05151-454A-4508-8E6D-97B6049D33EB}.Ad-Hoc|iPhoneSimulator.Build.0 = Debug|Any CPU
		{B6B05151-454A-4508-8E6D-97B6049D33EB}.Ad-Hoc|iPhoneSimulator.Deploy.0 = Debug|Any CPU
		{B6B05151-454A-4508-8E6D-97B6049D33EB}.Ad-Hoc|x64.ActiveCfg = Debug|Any CPU
		{B6B05151-454A-4508-8E6D-97B6049D33EB}.Ad-Hoc|x64.Build.0 = Debug|Any CPU
		{B6B05151-454A-4508-8E6D-97B6049D33EB}.Ad-Hoc|x64.Deploy.0 = Debug|Any CPU
		{B6B05151-454A-4508-8E6D-97B6049D33EB}.Ad-Hoc|x86.ActiveCfg = Debug|Any CPU
		{B6B05151-454A-4508-8E6D-97B6049D33EB}.Ad-Hoc|x86.Build.0 = Debug|Any CPU
		{B6B05151-454A-4508-8E6D-97B6049D33EB}.Ad-Hoc|x86.Deploy.0 = Debug|Any CPU
		{B6B05151-454A-4508-8E6D-97B6049D33EB}.AppStore|Any CPU.ActiveCfg = Debug|Any CPU
		{B6B05151-454A-4508-8E6D-97B6049D33EB}.AppStore|Any CPU.Build.0 = Debug|Any CPU
		{B6B05151-454A-4508-8E6D-97B6049D33EB}.AppStore|Any CPU.Deploy.0 = Debug|Any CPU
		{B6B05151-454A-4508-8E6D-97B6049D33EB}.AppStore|ARM.ActiveCfg = Debug|Any CPU
		{B6B05151-454A-4508-8E6D-97B6049D33EB}.AppStore|ARM.Build.0 = Debug|Any CPU
		{B6B05151-454A-4508-8E6D-97B6049D33EB}.AppStore|ARM.Deploy.0 = Debug|Any CPU
		{B6B05151-454A-4508-8E6D-97B6049D33EB}.AppStore|iPhone.ActiveCfg = Debug|Any CPU
		{B6B05151-454A-4508-8E6D-97B6049D33EB}.AppStore|iPhone.Build.0 = Debug|Any CPU
		{B6B05151-454A-4508-8E6D-97B6049D33EB}.AppStore|iPhone.Deploy.0 = Debug|Any CPU
		{B6B05151-454A-4508-8E6D-97B6049D33EB}.AppStore|iPhoneSimulator.ActiveCfg = Debug|Any CPU
		{B6B05151-454A-4508-8E6D-97B6049D33EB}.AppStore|iPhoneSimulator.Build.0 = Debug|Any CPU
		{B6B05151-454A-4508-8E6D-97B6049D33EB}.AppStore|iPhoneSimulator.Deploy.0 = Debug|Any CPU
		{B6B05151-454A-4508-8E6D-97B6049D33EB}.AppStore|x64.ActiveCfg = Debug|Any CPU
		{B6B05151-454A-4508-8E6D-97B6049D33EB}.AppStore|x64.Build.0 = Debug|Any CPU
		{B6B05151-454A-4508-8E6D-97B6049D33EB}.AppStore|x64.Deploy.0 = Debug|Any CPU
		{B6B05151-454A-4508-8E6D-97B6049D33EB}.AppStore|x86.ActiveCfg = Debug|Any CPU
		{B6B05151-454A-4508-8E6D-97B6049D33EB}.AppStore|x86.Build.0 = Debug|Any CPU
		{B6B05151-454A-4508-8E6D-97B6049D33EB}.AppStore|x86.Deploy.0 = Debug|Any CPU
		{B6B05151-454A-4508-8E6D-97B6049D33EB}.Debug|Any CPU.ActiveCfg = Debug|Any CPU
		{B6B05151-454A-4508-8E6D-97B6049D33EB}.Debug|Any CPU.Build.0 = Debug|Any CPU
		{B6B05151-454A-4508-8E6D-97B6049D33EB}.Debug|Any CPU.Deploy.0 = Debug|Any CPU
		{B6B05151-454A-4508-8E6D-97B6049D33EB}.Debug|ARM.ActiveCfg = Debug|Any CPU
		{B6B05151-454A-4508-8E6D-97B6049D33EB}.Debug|ARM.Build.0 = Debug|Any CPU
		{B6B05151-454A-4508-8E6D-97B6049D33EB}.Debug|ARM.Deploy.0 = Debug|Any CPU
		{B6B05151-454A-4508-8E6D-97B6049D33EB}.Debug|iPhone.ActiveCfg = Debug|Any CPU
		{B6B05151-454A-4508-8E6D-97B6049D33EB}.Debug|iPhone.Build.0 = Debug|Any CPU
		{B6B05151-454A-4508-8E6D-97B6049D33EB}.Debug|iPhone.Deploy.0 = Debug|Any CPU
		{B6B05151-454A-4508-8E6D-97B6049D33EB}.Debug|iPhoneSimulator.ActiveCfg = Debug|Any CPU
		{B6B05151-454A-4508-8E6D-97B6049D33EB}.Debug|iPhoneSimulator.Build.0 = Debug|Any CPU
		{B6B05151-454A-4508-8E6D-97B6049D33EB}.Debug|iPhoneSimulator.Deploy.0 = Debug|Any CPU
		{B6B05151-454A-4508-8E6D-97B6049D33EB}.Debug|x64.ActiveCfg = Debug|Any CPU
		{B6B05151-454A-4508-8E6D-97B6049D33EB}.Debug|x64.Build.0 = Debug|Any CPU
		{B6B05151-454A-4508-8E6D-97B6049D33EB}.Debug|x64.Deploy.0 = Debug|Any CPU
		{B6B05151-454A-4508-8E6D-97B6049D33EB}.Debug|x86.ActiveCfg = Debug|Any CPU
		{B6B05151-454A-4508-8E6D-97B6049D33EB}.Debug|x86.Build.0 = Debug|Any CPU
		{B6B05151-454A-4508-8E6D-97B6049D33EB}.Debug|x86.Deploy.0 = Debug|Any CPU
		{B6B05151-454A-4508-8E6D-97B6049D33EB}.Release|Any CPU.ActiveCfg = Release|Any CPU
		{B6B05151-454A-4508-8E6D-97B6049D33EB}.Release|Any CPU.Build.0 = Release|Any CPU
		{B6B05151-454A-4508-8E6D-97B6049D33EB}.Release|Any CPU.Deploy.0 = Release|Any CPU
		{B6B05151-454A-4508-8E6D-97B6049D33EB}.Release|ARM.ActiveCfg = Release|Any CPU
		{B6B05151-454A-4508-8E6D-97B6049D33EB}.Release|ARM.Build.0 = Release|Any CPU
		{B6B05151-454A-4508-8E6D-97B6049D33EB}.Release|ARM.Deploy.0 = Release|Any CPU
		{B6B05151-454A-4508-8E6D-97B6049D33EB}.Release|iPhone.ActiveCfg = Release|Any CPU
		{B6B05151-454A-4508-8E6D-97B6049D33EB}.Release|iPhone.Build.0 = Release|Any CPU
		{B6B05151-454A-4508-8E6D-97B6049D33EB}.Release|iPhone.Deploy.0 = Release|Any CPU
		{B6B05151-454A-4508-8E6D-97B6049D33EB}.Release|iPhoneSimulator.ActiveCfg = Release|Any CPU
		{B6B05151-454A-4508-8E6D-97B6049D33EB}.Release|iPhoneSimulator.Build.0 = Release|Any CPU
		{B6B05151-454A-4508-8E6D-97B6049D33EB}.Release|iPhoneSimulator.Deploy.0 = Release|Any CPU
		{B6B05151-454A-4508-8E6D-97B6049D33EB}.Release|x64.ActiveCfg = Release|Any CPU
		{B6B05151-454A-4508-8E6D-97B6049D33EB}.Release|x64.Build.0 = Release|Any CPU
		{B6B05151-454A-4508-8E6D-97B6049D33EB}.Release|x64.Deploy.0 = Release|Any CPU
		{B6B05151-454A-4508-8E6D-97B6049D33EB}.Release|x86.ActiveCfg = Release|Any CPU
		{B6B05151-454A-4508-8E6D-97B6049D33EB}.Release|x86.Build.0 = Release|Any CPU
		{B6B05151-454A-4508-8E6D-97B6049D33EB}.Release|x86.Deploy.0 = Release|Any CPU
	EndGlobalSection
	GlobalSection(SolutionProperties) = preSolution
		HideSolutionNode = FALSE
	EndGlobalSection
	GlobalSection(ExtensibilityGlobals) = postSolution
		SolutionGuid = {6B470751-9845-41FF-A4BA-1B561906F08A}
	EndGlobalSection
EndGlobal
